
Microsoft Visual Studio Solution File, Format Version 12.00
# Visual Studio Version 16
VisualStudioVersion = 16.0.28917.181
MinimumVisualStudioVersion = 10.0.40219.1
Project("{888888A0-9F3D-457C-B088-3A5042F75D52}") = "mvcCrud", "mvcCrud.pyproj", "{F0D6B45D-849D-4C6A-9B67-383224F5906A}"
EndProject
Global
	GlobalSection(SolutionConfigurationPlatforms) = preSolution
		Debug|Any CPU = Debug|Any CPU
		Release|Any CPU = Release|Any CPU
	EndGlobalSection
	GlobalSection(ProjectConfigurationPlatforms) = postSolution
		{F0D6B45D-849D-4C6A-9B67-383224F5906A}.Debug|Any CPU.ActiveCfg = Debug|Any CPU
		{F0D6B45D-849D-4C6A-9B67-383224F5906A}.Release|Any CPU.ActiveCfg = Release|Any CPU
	EndGlobalSection
	GlobalSection(SolutionProperties) = preSolution
		HideSolutionNode = FALSE
	EndGlobalSection
	GlobalSection(ExtensibilityGlobals) = postSolution
		SolutionGuid = {80FBF710-2939-4EF8-A8D9-ED99719AF2E7}
	EndGlobalSection
EndGlobal
